// !$*UTF8*$!
{
	archiveVersion = 1;
	classes = {
	};
	objectVersion = 50;
	objects = {

/* Begin PBXBuildFile section */
		543B2A6F2660011D00DCFC3D /* AppDelegate.swift in Sources */ = {isa = PBXBuildFile; fileRef = 543B2A6E2660011D00DCFC3D /* AppDelegate.swift */; };
		543B2A712660011D00DCFC3D /* SceneDelegate.swift in Sources */ = {isa = PBXBuildFile; fileRef = 543B2A702660011D00DCFC3D /* SceneDelegate.swift */; };
		543B2A732660011E00DCFC3D /* ViewController.swift in Sources */ = {isa = PBXBuildFile; fileRef = 543B2A722660011E00DCFC3D /* ViewController.swift */; };
		543B2A762660011E00DCFC3D /* Main.storyboard in Resources */ = {isa = PBXBuildFile; fileRef = 543B2A742660011E00DCFC3D /* Main.storyboard */; };
		543B2A782660012000DCFC3D /* Assets.xcassets in Resources */ = {isa = PBXBuildFile; fileRef = 543B2A772660012000DCFC3D /* Assets.xcassets */; };
		543B2A7B2660012000DCFC3D /* LaunchScreen.storyboard in Resources */ = {isa = PBXBuildFile; fileRef = 543B2A792660012000DCFC3D /* LaunchScreen.storyboard */; };
		543B2A862660012000DCFC3D /* WeatherTests.swift in Sources */ = {isa = PBXBuildFile; fileRef = 543B2A852660012000DCFC3D /* WeatherTests.swift */; };
		543B2A912660012000DCFC3D /* WeatherUITests.swift in Sources */ = {isa = PBXBuildFile; fileRef = 543B2A902660012000DCFC3D /* WeatherUITests.swift */; };
		543B2AA22660039900DCFC3D /* WeatherTableViewCell.swift in Sources */ = {isa = PBXBuildFile; fileRef = 543B2AA02660039900DCFC3D /* WeatherTableViewCell.swift */; };
		543B2AA32660039900DCFC3D /* WeatherTableViewCell.xib in Resources */ = {isa = PBXBuildFile; fileRef = 543B2AA12660039900DCFC3D /* WeatherTableViewCell.xib */; };
		543B2AA6266003A400DCFC3D /* HourlyTableViewCell.swift in Sources */ = {isa = PBXBuildFile; fileRef = 543B2AA4266003A400DCFC3D /* HourlyTableViewCell.swift */; };
		543B2AA7266003A400DCFC3D /* HourlyTableViewCell.xib in Resources */ = {isa = PBXBuildFile; fileRef = 543B2AA5266003A400DCFC3D /* HourlyTableViewCell.xib */; };
		543B2AAD2660219200DCFC3D /* WeatherCollectionViewCell.swift in Sources */ = {isa = PBXBuildFile; fileRef = 543B2AAB2660219200DCFC3D /* WeatherCollectionViewCell.swift */; };
		543B2AAE2660219200DCFC3D /* WeatherCollectionViewCell.xib in Resources */ = {isa = PBXBuildFile; fileRef = 543B2AAC2660219200DCFC3D /* WeatherCollectionViewCell.xib */; };
/* End PBXBuildFile section */

/* Begin PBXContainerItemProxy section */
		543B2A822660012000DCFC3D /* PBXContainerItemProxy */ = {
			isa = PBXContainerItemProxy;
			containerPortal = 543B2A632660011D00DCFC3D /* Project object */;
			proxyType = 1;
			remoteGlobalIDString = 543B2A6A2660011D00DCFC3D;
			remoteInfo = Weather;
		};
		543B2A8D2660012000DCFC3D /* PBXContainerItemProxy */ = {
			isa = PBXContainerItemProxy;
			containerPortal = 543B2A632660011D00DCFC3D /* Project object */;
			proxyType = 1;
			remoteGlobalIDString = 543B2A6A2660011D00DCFC3D;
			remoteInfo = Weather;
		};
/* End PBXContainerItemProxy section */

/* Begin PBXFileReference section */
		543B2A6B2660011D00DCFC3D /* Weather.app */ = {isa = PBXFileReference; explicitFileType = wrapper.application; includeInIndex = 0; path = Weather.app; sourceTree = BUILT_PRODUCTS_DIR; };
		543B2A6E2660011D00DCFC3D /* AppDelegate.swift */ = {isa = PBXFileReference; lastKnownFileType = sourcecode.swift; path = AppDelegate.swift; sourceTree = "<group>"; };
		543B2A702660011D00DCFC3D /* SceneDelegate.swift */ = {isa = PBXFileReference; lastKnownFileType = sourcecode.swift; path = SceneDelegate.swift; sourceTree = "<group>"; };
		543B2A722660011E00DCFC3D /* ViewController.swift */ = {isa = PBXFileReference; lastKnownFileType = sourcecode.swift; path = ViewController.swift; sourceTree = "<group>"; };
		543B2A752660011E00DCFC3D /* Base */ = {isa = PBXFileReference; lastKnownFileType = file.storyboard; name = Base; path = Base.lproj/Main.storyboard; sourceTree = "<group>"; };
		543B2A772660012000DCFC3D /* Assets.xcassets */ = {isa = PBXFileReference; lastKnownFileType = folder.assetcatalog; path = Assets.xcassets; sourceTree = "<group>"; };
		543B2A7A2660012000DCFC3D /* Base */ = {isa = PBXFileReference; lastKnownFileType = file.storyboard; name = Base; path = Base.lproj/LaunchScreen.storyboard; sourceTree = "<group>"; };
		543B2A7C2660012000DCFC3D /* Info.plist */ = {isa = PBXFileReference; lastKnownFileType = text.plist.xml; path = Info.plist; sourceTree = "<group>"; };
		543B2A812660012000DCFC3D /* WeatherTests.xctest */ = {isa = PBXFileReference; explicitFileType = wrapper.cfbundle; includeInIndex = 0; path = WeatherTests.xctest; sourceTree = BUILT_PRODUCTS_DIR; };
		543B2A852660012000DCFC3D /* WeatherTests.swift */ = {isa = PBXFileReference; lastKnownFileType = sourcecode.swift; path = WeatherTests.swift; sourceTree = "<group>"; };
		543B2A872660012000DCFC3D /* Info.plist */ = {isa = PBXFileReference; lastKnownFileType = text.plist.xml; path = Info.plist; sourceTree = "<group>"; };
		543B2A8C2660012000DCFC3D /* WeatherUITests.xctest */ = {isa = PBXFileReference; explicitFileType = wrapper.cfbundle; includeInIndex = 0; path = WeatherUITests.xctest; sourceTree = BUILT_PRODUCTS_DIR; };
		543B2A902660012000DCFC3D /* WeatherUITests.swift */ = {isa = PBXFileReference; lastKnownFileType = sourcecode.swift; path = WeatherUITests.swift; sourceTree = "<group>"; };
		543B2A922660012000DCFC3D /* Info.plist */ = {isa = PBXFileReference; lastKnownFileType = text.plist.xml; path = Info.plist; sourceTree = "<group>"; };
		543B2AA02660039900DCFC3D /* WeatherTableViewCell.swift */ = {isa = PBXFileReference; lastKnownFileType = sourcecode.swift; path = WeatherTableViewCell.swift; sourceTree = "<group>"; };
		543B2AA12660039900DCFC3D /* WeatherTableViewCell.xib */ = {isa = PBXFileReference; lastKnownFileType = file.xib; path = WeatherTableViewCell.xib; sourceTree = "<group>"; };
		543B2AA4266003A400DCFC3D /* HourlyTableViewCell.swift */ = {isa = PBXFileReference; lastKnownFileType = sourcecode.swift; path = HourlyTableViewCell.swift; sourceTree = "<group>"; };
		543B2AA5266003A400DCFC3D /* HourlyTableViewCell.xib */ = {isa = PBXFileReference; lastKnownFileType = file.xib; path = HourlyTableViewCell.xib; sourceTree = "<group>"; };
		543B2AAB2660219200DCFC3D /* WeatherCollectionViewCell.swift */ = {isa = PBXFileReference; lastKnownFileType = sourcecode.swift; path = WeatherCollectionViewCell.swift; sourceTree = "<group>"; };
		543B2AAC2660219200DCFC3D /* WeatherCollectionViewCell.xib */ = {isa = PBXFileReference; lastKnownFileType = file.xib; path = WeatherCollectionViewCell.xib; sourceTree = "<group>"; };
/* End PBXFileReference section */

/* Begin PBXFrameworksBuildPhase section */
		543B2A682660011D00DCFC3D /* Frameworks */ = {
			isa = PBXFrameworksBuildPhase;
			buildActionMask = 2147483647;
			files = (
			);
			runOnlyForDeploymentPostprocessing = 0;
		};
		543B2A7E2660012000DCFC3D /* Frameworks */ = {
			isa = PBXFrameworksBuildPhase;
			buildActionMask = 2147483647;
			files = (
			);
			runOnlyForDeploymentPostprocessing = 0;
		};
		543B2A892660012000DCFC3D /* Frameworks */ = {
			isa = PBXFrameworksBuildPhase;
			buildActionMask = 2147483647;
			files = (
			);
			runOnlyForDeploymentPostprocessing = 0;
		};
/* End PBXFrameworksBuildPhase section */

/* Begin PBXGroup section */
		543B2A622660011D00DCFC3D = {
			isa = PBXGroup;
			children = (
				543B2A6D2660011D00DCFC3D /* Weather */,
				543B2A842660012000DCFC3D /* WeatherTests */,
				543B2A8F2660012000DCFC3D /* WeatherUITests */,
				543B2A6C2660011D00DCFC3D /* Products */,
			);
			sourceTree = "<group>";
		};
		543B2A6C2660011D00DCFC3D /* Products */ = {
			isa = PBXGroup;
			children = (
				543B2A6B2660011D00DCFC3D /* Weather.app */,
				543B2A812660012000DCFC3D /* WeatherTests.xctest */,
				543B2A8C2660012000DCFC3D /* WeatherUITests.xctest */,
			);
			name = Products;
			sourceTree = "<group>";
		};
		543B2A6D2660011D00DCFC3D /* Weather */ = {
			isa = PBXGroup;
			children = (
				543B2AA82660215F00DCFC3D /* ColletionViewCell */,
				543B2A9F2660036100DCFC3D /* HourlyCollectionCell */,
				543B2A9E2660035700DCFC3D /* WeatherCell */,
				543B2A6E2660011D00DCFC3D /* AppDelegate.swift */,
				543B2A702660011D00DCFC3D /* SceneDelegate.swift */,
				543B2A722660011E00DCFC3D /* ViewController.swift */,
				543B2A742660011E00DCFC3D /* Main.storyboard */,
				543B2A772660012000DCFC3D /* Assets.xcassets */,
				543B2A792660012000DCFC3D /* LaunchScreen.storyboard */,
				543B2A7C2660012000DCFC3D /* Info.plist */,
			);
			path = Weather;
			sourceTree = "<group>";
		};
		543B2A842660012000DCFC3D /* WeatherTests */ = {
			isa = PBXGroup;
			children = (
				543B2A852660012000DCFC3D /* WeatherTests.swift */,
				543B2A872660012000DCFC3D /* Info.plist */,
			);
			path = WeatherTests;
			sourceTree = "<group>";
		};
		543B2A8F2660012000DCFC3D /* WeatherUITests */ = {
			isa = PBXGroup;
			children = (
				543B2A902660012000DCFC3D /* WeatherUITests.swift */,
				543B2A922660012000DCFC3D /* Info.plist */,
			);
			path = WeatherUITests;
			sourceTree = "<group>";
		};
		543B2A9E2660035700DCFC3D /* WeatherCell */ = {
			isa = PBXGroup;
			children = (
				543B2AA02660039900DCFC3D /* WeatherTableViewCell.swift */,
				543B2AA12660039900DCFC3D /* WeatherTableViewCell.xib */,
			);
			path = WeatherCell;
			sourceTree = "<group>";
		};
		543B2A9F2660036100DCFC3D /* HourlyCollectionCell */ = {
			isa = PBXGroup;
			children = (
				543B2AA4266003A400DCFC3D /* HourlyTableViewCell.swift */,
				543B2AA5266003A400DCFC3D /* HourlyTableViewCell.xib */,
			);
			path = HourlyCollectionCell;
			sourceTree = "<group>";
		};
		543B2AA82660215F00DCFC3D /* ColletionViewCell */ = {
			isa = PBXGroup;
			children = (
				543B2AAB2660219200DCFC3D /* WeatherCollectionViewCell.swift */,
				543B2AAC2660219200DCFC3D /* WeatherCollectionViewCell.xib */,
			);
			path = ColletionViewCell;
			sourceTree = "<group>";
		};
/* End PBXGroup section */

/* Begin PBXNativeTarget section */
		543B2A6A2660011D00DCFC3D /* Weather */ = {
			isa = PBXNativeTarget;
			buildConfigurationList = 543B2A952660012000DCFC3D /* Build configuration list for PBXNativeTarget "Weather" */;
			buildPhases = (
				543B2A672660011D00DCFC3D /* Sources */,
				543B2A682660011D00DCFC3D /* Frameworks */,
				543B2A692660011D00DCFC3D /* Resources */,
			);
			buildRules = (
			);
			dependencies = (
			);
			name = Weather;
			productName = Weather;
			productReference = 543B2A6B2660011D00DCFC3D /* Weather.app */;
			productType = "com.apple.product-type.application";
		};
		543B2A802660012000DCFC3D /* WeatherTests */ = {
			isa = PBXNativeTarget;
			buildConfigurationList = 543B2A982660012000DCFC3D /* Build configuration list for PBXNativeTarget "WeatherTests" */;
			buildPhases = (
				543B2A7D2660012000DCFC3D /* Sources */,
				543B2A7E2660012000DCFC3D /* Frameworks */,
				543B2A7F2660012000DCFC3D /* Resources */,
			);
			buildRules = (
			);
			dependencies = (
				543B2A832660012000DCFC3D /* PBXTargetDependency */,
			);
			name = WeatherTests;
			productName = WeatherTests;
			productReference = 543B2A812660012000DCFC3D /* WeatherTests.xctest */;
			productType = "com.apple.product-type.bundle.unit-test";
		};
		543B2A8B2660012000DCFC3D /* WeatherUITests */ = {
			isa = PBXNativeTarget;
			buildConfigurationList = 543B2A9B2660012000DCFC3D /* Build configuration list for PBXNativeTarget "WeatherUITests" */;
			buildPhases = (
				543B2A882660012000DCFC3D /* Sources */,
				543B2A892660012000DCFC3D /* Frameworks */,
				543B2A8A2660012000DCFC3D /* Resources */,
			);
			buildRules = (
			);
			dependencies = (
				543B2A8E2660012000DCFC3D /* PBXTargetDependency */,
			);
			name = WeatherUITests;
			productName = WeatherUITests;
			productReference = 543B2A8C2660012000DCFC3D /* WeatherUITests.xctest */;
			productType = "com.apple.product-type.bundle.ui-testing";
		};
/* End PBXNativeTarget section */

/* Begin PBXProject section */
		543B2A632660011D00DCFC3D /* Project object */ = {
			isa = PBXProject;
			attributes = {
				LastSwiftUpdateCheck = 1250;
				LastUpgradeCheck = 1250;
				TargetAttributes = {
					543B2A6A2660011D00DCFC3D = {
						CreatedOnToolsVersion = 12.5;
					};
					543B2A802660012000DCFC3D = {
						CreatedOnToolsVersion = 12.5;
						TestTargetID = 543B2A6A2660011D00DCFC3D;
					};
					543B2A8B2660012000DCFC3D = {
						CreatedOnToolsVersion = 12.5;
						TestTargetID = 543B2A6A2660011D00DCFC3D;
					};
				};
			};
			buildConfigurationList = 543B2A662660011D00DCFC3D /* Build configuration list for PBXProject "Weather" */;
			compatibilityVersion = "Xcode 9.3";
			developmentRegion = en;
			hasScannedForEncodings = 0;
			knownRegions = (
				en,
				Base,
			);
			mainGroup = 543B2A622660011D00DCFC3D;
			productRefGroup = 543B2A6C2660011D00DCFC3D /* Products */;
			projectDirPath = "";
			projectRoot = "";
			targets = (
				543B2A6A2660011D00DCFC3D /* Weather */,
				543B2A802660012000DCFC3D /* WeatherTests */,
				543B2A8B2660012000DCFC3D /* WeatherUITests */,
			);
		};
/* End PBXProject section */

/* Begin PBXResourcesBuildPhase section */
		543B2A692660011D00DCFC3D /* Resources */ = {
			isa = PBXResourcesBuildPhase;
			buildActionMask = 2147483647;
			files = (
				543B2AA32660039900DCFC3D /* WeatherTableViewCell.xib in Resources */,
				543B2AA7266003A400DCFC3D /* HourlyTableViewCell.xib in Resources */,
				543B2A7B2660012000DCFC3D /* LaunchScreen.storyboard in Resources */,
				543B2A782660012000DCFC3D /* Assets.xcassets in Resources */,
				543B2A762660011E00DCFC3D /* Main.storyboard in Resources */,
				543B2AAE2660219200DCFC3D /* WeatherCollectionViewCell.xib in Resources */,
			);
			runOnlyForDeploymentPostprocessing = 0;
		};
		543B2A7F2660012000DCFC3D /* Resources */ = {
			isa = PBXResourcesBuildPhase;
			buildActionMask = 2147483647;
			files = (
			);
			runOnlyForDeploymentPostprocessing = 0;
		};
		543B2A8A2660012000DCFC3D /* Resources */ = {
			isa = PBXResourcesBuildPhase;
			buildActionMask = 2147483647;
			files = (
			);
			runOnlyForDeploymentPostprocessing = 0;
		};
/* End PBXResourcesBuildPhase section */

/* Begin PBXSourcesBuildPhase section */
		543B2A672660011D00DCFC3D /* Sources */ = {
			isa = PBXSourcesBuildPhase;
			buildActionMask = 2147483647;
			files = (
				543B2AA22660039900DCFC3D /* WeatherTableViewCell.swift in Sources */,
				543B2A732660011E00DCFC3D /* ViewController.swift in Sources */,
				543B2AA6266003A400DCFC3D /* HourlyTableViewCell.swift in Sources */,
				543B2AAD2660219200DCFC3D /* WeatherCollectionViewCell.swift in Sources */,
				543B2A6F2660011D00DCFC3D /* AppDelegate.swift in Sources */,
				543B2A712660011D00DCFC3D /* SceneDelegate.swift in Sources */,
			);
			runOnlyForDeploymentPostprocessing = 0;
		};
		543B2A7D2660012000DCFC3D /* Sources */ = {
			isa = PBXSourcesBuildPhase;
			buildActionMask = 2147483647;
			files = (
				543B2A862660012000DCFC3D /* WeatherTests.swift in Sources */,
			);
			runOnlyForDeploymentPostprocessing = 0;
		};
		543B2A882660012000DCFC3D /* Sources */ = {
			isa = PBXSourcesBuildPhase;
			buildActionMask = 2147483647;
			files = (
				543B2A912660012000DCFC3D /* WeatherUITests.swift in Sources */,
			);
			runOnlyForDeploymentPostprocessing = 0;
		};
/* End PBXSourcesBuildPhase section */

/* Begin PBXTargetDependency section */
		543B2A832660012000DCFC3D /* PBXTargetDependency */ = {
			isa = PBXTargetDependency;
			target = 543B2A6A2660011D00DCFC3D /* Weather */;
			targetProxy = 543B2A822660012000DCFC3D /* PBXContainerItemProxy */;
		};
		543B2A8E2660012000DCFC3D /* PBXTargetDependency */ = {
			isa = PBXTargetDependency;
			target = 543B2A6A2660011D00DCFC3D /* Weather */;
			targetProxy = 543B2A8D2660012000DCFC3D /* PBXContainerItemProxy */;
		};
/* End PBXTargetDependency section */

/* Begin PBXVariantGroup section */
		543B2A742660011E00DCFC3D /* Main.storyboard */ = {
			isa = PBXVariantGroup;
			children = (
				543B2A752660011E00DCFC3D /* Base */,
			);
			name = Main.storyboard;
			sourceTree = "<group>";
		};
		543B2A792660012000DCFC3D /* LaunchScreen.storyboard */ = {
			isa = PBXVariantGroup;
			children = (
				543B2A7A2660012000DCFC3D /* Base */,
			);
			name = LaunchScreen.storyboard;
			sourceTree = "<group>";
		};
/* End PBXVariantGroup section */

/* Begin XCBuildConfiguration section */
		543B2A932660012000DCFC3D /* Debug */ = {
			isa = XCBuildConfiguration;
			buildSettings = {
				ALWAYS_SEARCH_USER_PATHS = NO;
				CLANG_ANALYZER_NONNULL = YES;
				CLANG_ANALYZER_NUMBER_OBJECT_CONVERSION = YES_AGGRESSIVE;
				CLANG_CXX_LANGUAGE_STANDARD = "gnu++14";
				CLANG_CXX_LIBRARY = "libc++";
				CLANG_ENABLE_MODULES = YES;
				CLANG_ENABLE_OBJC_ARC = YES;
				CLANG_ENABLE_OBJC_WEAK = YES;
				CLANG_WARN_BLOCK_CAPTURE_AUTORELEASING = YES;
				CLANG_WARN_BOOL_CONVERSION = YES;
				CLANG_WARN_COMMA = YES;
				CLANG_WARN_CONSTANT_CONVERSION = YES;
				CLANG_WARN_DEPRECATED_OBJC_IMPLEMENTATIONS = YES;
				CLANG_WARN_DIRECT_OBJC_ISA_USAGE = YES_ERROR;
				CLANG_WARN_DOCUMENTATION_COMMENTS = YES;
				CLANG_WARN_EMPTY_BODY = YES;
				CLANG_WARN_ENUM_CONVERSION = YES;
				CLANG_WARN_INFINITE_RECURSION = YES;
				CLANG_WARN_INT_CONVERSION = YES;
				CLANG_WARN_NON_LITERAL_NULL_CONVERSION = YES;
				CLANG_WARN_OBJC_IMPLICIT_RETAIN_SELF = YES;
				CLANG_WARN_OBJC_LITERAL_CONVERSION = YES;
				CLANG_WARN_OBJC_ROOT_CLASS = YES_ERROR;
				CLANG_WARN_QUOTED_INCLUDE_IN_FRAMEWORK_HEADER = YES;
				CLANG_WARN_RANGE_LOOP_ANALYSIS = YES;
				CLANG_WARN_STRICT_PROTOTYPES = YES;
				CLANG_WARN_SUSPICIOUS_MOVE = YES;
				CLANG_WARN_UNGUARDED_AVAILABILITY = YES_AGGRESSIVE;
				CLANG_WARN_UNREACHABLE_CODE = YES;
				CLANG_WARN__DUPLICATE_METHOD_MATCH = YES;
				COPY_PHASE_STRIP = NO;
				DEBUG_INFORMATION_FORMAT = dwarf;
				ENABLE_STRICT_OBJC_MSGSEND = YES;
				ENABLE_TESTABILITY = YES;
				GCC_C_LANGUAGE_STANDARD = gnu11;
				GCC_DYNAMIC_NO_PIC = NO;
				GCC_NO_COMMON_BLOCKS = YES;
				GCC_OPTIMIZATION_LEVEL = 0;
				GCC_PREPROCESSOR_DEFINITIONS = (
					"DEBUG=1",
					"$(inherited)",
				);
				GCC_WARN_64_TO_32_BIT_CONVERSION = YES;
				GCC_WARN_ABOUT_RETURN_TYPE = YES_ERROR;
				GCC_WARN_UNDECLARED_SELECTOR = YES;
				GCC_WARN_UNINITIALIZED_AUTOS = YES_AGGRESSIVE;
				GCC_WARN_UNUSED_FUNCTION = YES;
				GCC_WARN_UNUSED_VARIABLE = YES;
				IPHONEOS_DEPLOYMENT_TARGET = 14.5;
				MTL_ENABLE_DEBUG_INFO = INCLUDE_SOURCE;
				MTL_FAST_MATH = YES;
				ONLY_ACTIVE_ARCH = YES;
				SDKROOT = iphoneos;
				SWIFT_ACTIVE_COMPILATION_CONDITIONS = DEBUG;
				SWIFT_OPTIMIZATION_LEVEL = "-Onone";
			};
			name = Debug;
		};
		543B2A942660012000DCFC3D /* Release */ = {
			isa = XCBuildConfiguration;
			buildSettings = {
				ALWAYS_SEARCH_USER_PATHS = NO;
				CLANG_ANALYZER_NONNULL = YES;
				CLANG_ANALYZER_NUMBER_OBJECT_CONVERSION = YES_AGGRESSIVE;
				CLANG_CXX_LANGUAGE_STANDARD = "gnu++14";
				CLANG_CXX_LIBRARY = "libc++";
				CLANG_ENABLE_MODULES = YES;
				CLANG_ENABLE_OBJC_ARC = YES;
				CLANG_ENABLE_OBJC_WEAK = YES;
				CLANG_WARN_BLOCK_CAPTURE_AUTORELEASING = YES;
				CLANG_WARN_BOOL_CONVERSION = YES;
				CLANG_WARN_COMMA = YES;
				CLANG_WARN_CONSTANT_CONVERSION = YES;
				CLANG_WARN_DEPRECATED_OBJC_IMPLEMENTATIONS = YES;
				CLANG_WARN_DIRECT_OBJC_ISA_USAGE = YES_ERROR;
				CLANG_WARN_DOCUMENTATION_COMMENTS = YES;
				CLANG_WARN_EMPTY_BODY = YES;
				CLANG_WARN_ENUM_CONVERSION = YES;
				CLANG_WARN_INFINITE_RECURSION = YES;
				CLANG_WARN_INT_CONVERSION = YES;
				CLANG_WARN_NON_LITERAL_NULL_CONVERSION = YES;
				CLANG_WARN_OBJC_IMPLICIT_RETAIN_SELF = YES;
				CLANG_WARN_OBJC_LITERAL_CONVERSION = YES;
				CLANG_WARN_OBJC_ROOT_CLASS = YES_ERROR;
				CLANG_WARN_QUOTED_INCLUDE_IN_FRAMEWORK_HEADER = YES;
				CLANG_WARN_RANGE_LOOP_ANALYSIS = YES;
				CLANG_WARN_STRICT_PROTOTYPES = YES;
				CLANG_WARN_SUSPICIOUS_MOVE = YES;
				CLANG_WARN_UNGUARDED_AVAILABILITY = YES_AGGRESSIVE;
				CLANG_WARN_UNREACHABLE_CODE = YES;
				CLANG_WARN__DUPLICATE_METHOD_MATCH = YES;
				COPY_PHASE_STRIP = NO;
				DEBUG_INFORMATION_FORMAT = "dwarf-with-dsym";
				ENABLE_NS_ASSERTIONS = NO;
				ENABLE_STRICT_OBJC_MSGSEND = YES;
				GCC_C_LANGUAGE_STANDARD = gnu11;
				GCC_NO_COMMON_BLOCKS = YES;
				GCC_WARN_64_TO_32_BIT_CONVERSION = YES;
				GCC_WARN_ABOUT_RETURN_TYPE = YES_ERROR;
				GCC_WARN_UNDECLARED_SELECTOR = YES;
				GCC_WARN_UNINITIALIZED_AUTOS = YES_AGGRESSIVE;
				GCC_WARN_UNUSED_FUNCTION = YES;
				GCC_WARN_UNUSED_VARIABLE = YES;
				IPHONEOS_DEPLOYMENT_TARGET = 14.5;
				MTL_ENABLE_DEBUG_INFO = NO;
				MTL_FAST_MATH = YES;
				SDKROOT = iphoneos;
				SWIFT_COMPILATION_MODE = wholemodule;
				SWIFT_OPTIMIZATION_LEVEL = "-O";
				VALIDATE_PRODUCT = YES;
			};
			name = Release;
		};
		543B2A962660012000DCFC3D /* Debug */ = {
			isa = XCBuildConfiguration;
			buildSettings = {
				ASSETCATALOG_COMPILER_APPICON_NAME = AppIcon;
				ASSETCATALOG_COMPILER_GLOBAL_ACCENT_COLOR_NAME = AccentColor;
				CODE_SIGN_STYLE = Automatic;
				DEVELOPMENT_TEAM = 3FJY8HFAA5;
				INFOPLIST_FILE = Weather/Info.plist;
				IPHONEOS_DEPLOYMENT_TARGET = 14.3;
				LD_RUNPATH_SEARCH_PATHS = (
					"$(inherited)",
					"@executable_path/Frameworks",
				);
				PRODUCT_BUNDLE_IDENTIFIER = com.thedingapp.Weather;
				PRODUCT_NAME = "$(TARGET_NAME)";
				SWIFT_VERSION = 5.0;
				TARGETED_DEVICE_FAMILY = "1,2";
			};
			name = Debug;
		};
		543B2A972660012000DCFC3D /* Release */ = {
			isa = XCBuildConfiguration;
			buildSettings = {
				ASSETCATALOG_COMPILER_APPICON_NAME = AppIcon;
				ASSETCATALOG_COMPILER_GLOBAL_ACCENT_COLOR_NAME = AccentColor;
				CODE_SIGN_STYLE = Automatic;
				DEVELOPMENT_TEAM = 3FJY8HFAA5;
				INFOPLIST_FILE = Weather/Info.plist;
				IPHONEOS_DEPLOYMENT_TARGET = 14.3;
				LD_RUNPATH_SEARCH_PATHS = (
					"$(inherited)",
					"@executable_path/Frameworks",
				);
				PRODUCT_BUNDLE_IDENTIFIER = com.thedingapp.Weather;
				PRODUCT_NAME = "$(TARGET_NAME)";
				SWIFT_VERSION = 5.0;
				TARGETED_DEVICE_FAMILY = "1,2";
			};
			name = Release;
		};
		543B2A992660012000DCFC3D /* Debug */ = {
			isa = XCBuildConfiguration;
			buildSettings = {
				ALWAYS_EMBED_SWIFT_STANDARD_LIBRARIES = YES;
				BUNDLE_LOADER = "$(TEST_HOST)";
				CODE_SIGN_STYLE = Automatic;
				DEVELOPMENT_TEAM = 3FJY8HFAA5;
				INFOPLIST_FILE = WeatherTests/Info.plist;
				IPHONEOS_DEPLOYMENT_TARGET = 14.5;
				LD_RUNPATH_SEARCH_PATHS = (
					"$(inherited)",
					"@executable_path/Frameworks",
					"@loader_path/Frameworks",
				);
				PRODUCT_BUNDLE_IDENTIFIER = com.thedingapp.WeatherTests;
				PRODUCT_NAME = "$(TARGET_NAME)";
				SWIFT_VERSION = 5.0;
				TARGETED_DEVICE_FAMILY = "1,2";
				TEST_HOST = "$(BUILT_PRODUCTS_DIR)/Weather.app/Weather";
			};
			name = Debug;
		};
		543B2A9A2660012000DCFC3D /* Release */ = {
			isa = XCBuildConfiguration;
			buildSettings = {
				ALWAYS_EMBED_SWIFT_STANDARD_LIBRARIES = YES;
				BUNDLE_LOADER = "$(TEST_HOST)";
				CODE_SIGN_STYLE = Automatic;
				DEVELOPMENT_TEAM = 3FJY8HFAA5;
				INFOPLIST_FILE = WeatherTests/Info.plist;
				IPHONEOS_DEPLOYMENT_TARGET = 14.5;
				LD_RUNPATH_SEARCH_PATHS = (
					"$(inherited)",
					"@executable_path/Frameworks",
					"@loader_path/Frameworks",
				);
				PRODUCT_BUNDLE_IDENTIFIER = com.thedingapp.WeatherTests;
				PRODUCT_NAME = "$(TARGET_NAME)";
				SWIFT_VERSION = 5.0;
				TARGETED_DEVICE_FAMILY = "1,2";
				TEST_HOST = "$(BUILT_PRODUCTS_DIR)/Weather.app/Weather";
			};
			name = Release;
		};
		543B2A9C2660012000DCFC3D /* Debug */ = {
			isa = XCBuildConfiguration;
			buildSettings = {
				ALWAYS_EMBED_SWIFT_STANDARD_LIBRARIES = YES;
				CODE_SIGN_STYLE = Automatic;
				DEVELOPMENT_TEAM = 3FJY8HFAA5;
				INFOPLIST_FILE = WeatherUITests/Info.plist;
				LD_RUNPATH_SEARCH_PATHS = (
					"$(inherited)",
					"@executable_path/Frameworks",
					"@loader_path/Frameworks",
				);
				PRODUCT_BUNDLE_IDENTIFIER = com.thedingapp.WeatherUITests;
				PRODUCT_NAME = "$(TARGET_NAME)";
				SWIFT_VERSION = 5.0;
				TARGETED_DEVICE_FAMILY = "1,2";
				TEST_TARGET_NAME = Weather;
			};
			name = Debug;
		};
		543B2A9D2660012000DCFC3D /* Release */ = {
			isa = XCBuildConfiguration;
			buildSettings = {
				ALWAYS_EMBED_SWIFT_STANDARD_LIBRARIES = YES;
				CODE_SIGN_STYLE = Automatic;
				DEVELOPMENT_TEAM = 3FJY8HFAA5;
				INFOPLIST_FILE = WeatherUITests/Info.plist;
				LD_RUNPATH_SEARCH_PATHS = (
					"$(inherited)",
					"@executable_path/Frameworks",
					"@loader_path/Frameworks",
				);
				PRODUCT_BUNDLE_IDENTIFIER = com.thedingapp.WeatherUITests;
				PRODUCT_NAME = "$(TARGET_NAME)";
				SWIFT_VERSION = 5.0;
				TARGETED_DEVICE_FAMILY = "1,2";
				TEST_TARGET_NAME = Weather;
			};
			name = Release;
		};
/* End XCBuildConfiguration section */

/* Begin XCConfigurationList section */
		543B2A662660011D00DCFC3D /* Build configuration list for PBXProject "Weather" */ = {
			isa = XCConfigurationList;
			buildConfigurations = (
				543B2A932660012000DCFC3D /* Debug */,
				543B2A942660012000DCFC3D /* Release */,
			);
			defaultConfigurationIsVisible = 0;
			defaultConfigurationName = Release;
		};
		543B2A952660012000DCFC3D /* Build configuration list for PBXNativeTarget "Weather" */ = {
			isa = XCConfigurationList;
			buildConfigurations = (
				543B2A962660012000DCFC3D /* Debug */,
				543B2A972660012000DCFC3D /* Release */,
			);
			defaultConfigurationIsVisible = 0;
			defaultConfigurationName = Release;
		};
		543B2A982660012000DCFC3D /* Build configuration list for PBXNativeTarget "WeatherTests" */ = {
			isa = XCConfigurationList;
			buildConfigurations = (
				543B2A992660012000DCFC3D /* Debug */,
				543B2A9A2660012000DCFC3D /* Release */,
			);
			defaultConfigurationIsVisible = 0;
			defaultConfigurationName = Release;
		};
		543B2A9B2660012000DCFC3D /* Build configuration list for PBXNativeTarget "WeatherUITests" */ = {
			isa = XCConfigurationList;
			buildConfigurations = (
				543B2A9C2660012000DCFC3D /* Debug */,
				543B2A9D2660012000DCFC3D /* Release */,
			);
			defaultConfigurationIsVisible = 0;
			defaultConfigurationName = Release;
		};
/* End XCConfigurationList section */
	};
	rootObject = 543B2A632660011D00DCFC3D /* Project object */;
}
